
Microsoft Visual Studio Solution File, Format Version 12.00
# Visual Studio Version 17
VisualStudioVersion = 17.4.33122.133
MinimumVisualStudioVersion = 10.0.40219.1
Project("{FAE04EC0-301F-11D3-BF4B-00C04F79EFBC}") = "Pizzeria", "Pizzeria\Pizzeria.csproj", "{F2011B15-3256-4D0E-873D-3104BD65FC0F}"
EndProject
Global
	GlobalSection(SolutionConfigurationPlatforms) = preSolution
		Debug|Any CPU = Debug|Any CPU
		Release|Any CPU = Release|Any CPU
	EndGlobalSection
	GlobalSection(ProjectConfigurationPlatforms) = postSolution
		{F2011B15-3256-4D0E-873D-3104BD65FC0F}.Debug|Any CPU.ActiveCfg = Debug|Any CPU
		{F2011B15-3256-4D0E-873D-3104BD65FC0F}.Debug|Any CPU.Build.0 = Debug|Any CPU
		{F2011B15-3256-4D0E-873D-3104BD65FC0F}.Release|Any CPU.ActiveCfg = Release|Any CPU
		{F2011B15-3256-4D0E-873D-3104BD65FC0F}.Release|Any CPU.Build.0 = Release|Any CPU
	EndGlobalSection
	GlobalSection(SolutionProperties) = preSolution
		HideSolutionNode = FALSE
	EndGlobalSection
	GlobalSection(ExtensibilityGlobals) = postSolution
		SolutionGuid = {A448DF52-674B-4001-9B95-2EC0AEBC1B8C}
	EndGlobalSection
EndGlobal
